
Microsoft Visual Studio Solution File, Format Version 12.00
# Visual Studio Version 17
VisualStudioVersion = 17.9.34622.214
MinimumVisualStudioVersion = 10.0.40219.1
Project("{FAE04EC0-301F-11D3-BF4B-00C04F79EFBC}") = "Lab1-2", "Lab1-2.csproj", "{B6FB13DF-1403-4678-8B02-340E0169906A}"
EndProject
Global
	GlobalSection(SolutionConfigurationPlatforms) = preSolution
		Debug|Any CPU = Debug|Any CPU
		Release|Any CPU = Release|Any CPU
	EndGlobalSection
	GlobalSection(ProjectConfigurationPlatforms) = postSolution
		{B6FB13DF-1403-4678-8B02-340E0169906A}.Debug|Any CPU.ActiveCfg = Debug|Any CPU
		{B6FB13DF-1403-4678-8B02-340E0169906A}.Debug|Any CPU.Build.0 = Debug|Any CPU
		{B6FB13DF-1403-4678-8B02-340E0169906A}.Release|Any CPU.ActiveCfg = Release|Any CPU
		{B6FB13DF-1403-4678-8B02-340E0169906A}.Release|Any CPU.Build.0 = Release|Any CPU
	EndGlobalSection
	GlobalSection(SolutionProperties) = preSolution
		HideSolutionNode = FALSE
	EndGlobalSection
	GlobalSection(ExtensibilityGlobals) = postSolution
		SolutionGuid = {A62866C9-B8EE-4AFE-9632-A58CFB8C2864}
	EndGlobalSection
EndGlobal
