
Microsoft Visual Studio Solution File, Format Version 12.00
# Visual Studio Version 17
VisualStudioVersion = 17.9.34622.214
MinimumVisualStudioVersion = 10.0.40219.1
Project("{FAE04EC0-301F-11D3-BF4B-00C04F79EFBC}") = "Lab6", "Lab6.csproj", "{4512545F-5206-4BB9-BD82-62CAFC13E676}"
EndProject
Global
	GlobalSection(SolutionConfigurationPlatforms) = preSolution
		Debug|Any CPU = Debug|Any CPU
		Release|Any CPU = Release|Any CPU
	EndGlobalSection
	GlobalSection(ProjectConfigurationPlatforms) = postSolution
		{4512545F-5206-4BB9-BD82-62CAFC13E676}.Debug|Any CPU.ActiveCfg = Debug|Any CPU
		{4512545F-5206-4BB9-BD82-62CAFC13E676}.Debug|Any CPU.Build.0 = Debug|Any CPU
		{4512545F-5206-4BB9-BD82-62CAFC13E676}.Release|Any CPU.ActiveCfg = Release|Any CPU
		{4512545F-5206-4BB9-BD82-62CAFC13E676}.Release|Any CPU.Build.0 = Release|Any CPU
	EndGlobalSection
	GlobalSection(SolutionProperties) = preSolution
		HideSolutionNode = FALSE
	EndGlobalSection
	GlobalSection(ExtensibilityGlobals) = postSolution
		SolutionGuid = {8CD5A7B5-348A-42BB-803D-4F45DEF3B387}
	EndGlobalSection
EndGlobal
